// !$*UTF8*$!
{
	archiveVersion = 1;
	classes = {
	};
	objectVersion = 56;
	objects = {

/* Begin PBXBuildFile section */
		3A0E5CF92A64332A00BD1B01 /* ChatVC.swift in Sources */ = {isa = PBXBuildFile; fileRef = 3A0E5CF82A64332A00BD1B01 /* ChatVC.swift */; };
		3A0E5CFC2A6437CD00BD1B01 /* Message.swift in Sources */ = {isa = PBXBuildFile; fileRef = 3A0E5CFB2A6437CD00BD1B01 /* Message.swift */; };
		3A0E5CFE2A64380000BD1B01 /* MessageCell.swift in Sources */ = {isa = PBXBuildFile; fileRef = 3A0E5CFD2A64380000BD1B01 /* MessageCell.swift */; };
		3A5E49F92A64F6DE00CCAC7E /* SettingsCell.swift in Sources */ = {isa = PBXBuildFile; fileRef = 3A5E49F82A64F6DE00CCAC7E /* SettingsCell.swift */; };
		3A9BAC952A6235410064CF34 /* AppDelegate.swift in Sources */ = {isa = PBXBuildFile; fileRef = 3A9BAC942A6235410064CF34 /* AppDelegate.swift */; };
		3A9BAC972A6235410064CF34 /* SceneDelegate.swift in Sources */ = {isa = PBXBuildFile; fileRef = 3A9BAC962A6235410064CF34 /* SceneDelegate.swift */; };
		3A9BAC9E2A6235420064CF34 /* Assets.xcassets in Resources */ = {isa = PBXBuildFile; fileRef = 3A9BAC9D2A6235420064CF34 /* Assets.xcassets */; };
		3A9BACA12A6235420064CF34 /* LaunchScreen.storyboard in Resources */ = {isa = PBXBuildFile; fileRef = 3A9BAC9F2A6235420064CF34 /* LaunchScreen.storyboard */; };
		3A9BACAF2A6236E30064CF34 /* StatusVC.swift in Sources */ = {isa = PBXBuildFile; fileRef = 3A9BACAE2A6236E30064CF34 /* StatusVC.swift */; };
		3A9BACB12A6236EF0064CF34 /* CallsVC.swift in Sources */ = {isa = PBXBuildFile; fileRef = 3A9BACB02A6236EF0064CF34 /* CallsVC.swift */; };
		3A9BACB32A6236FB0064CF34 /* CommunitiesVC.swift in Sources */ = {isa = PBXBuildFile; fileRef = 3A9BACB22A6236FB0064CF34 /* CommunitiesVC.swift */; };
		3A9BACB52A6237040064CF34 /* ChatsVC.swift in Sources */ = {isa = PBXBuildFile; fileRef = 3A9BACB42A6237040064CF34 /* ChatsVC.swift */; };
		3A9BACB72A6237140064CF34 /* SettingsVC.swift in Sources */ = {isa = PBXBuildFile; fileRef = 3A9BACB62A6237140064CF34 /* SettingsVC.swift */; };
		3A9BACB92A6237980064CF34 /* MainTabBarController.swift in Sources */ = {isa = PBXBuildFile; fileRef = 3A9BACB82A6237980064CF34 /* MainTabBarController.swift */; };
		3A9BACBB2A62570B0064CF34 /* GoogleService-Info.plist in Resources */ = {isa = PBXBuildFile; fileRef = 3A9BACBA2A62570B0064CF34 /* GoogleService-Info.plist */; };
		3A9BACBE2A62586B0064CF34 /* FirebaseAuth in Frameworks */ = {isa = PBXBuildFile; productRef = 3A9BACBD2A62586B0064CF34 /* FirebaseAuth */; };
		3A9BACC02A62586B0064CF34 /* FirebaseDatabase in Frameworks */ = {isa = PBXBuildFile; productRef = 3A9BACBF2A62586B0064CF34 /* FirebaseDatabase */; };
		3A9BACC22A62586B0064CF34 /* FirebaseStorage in Frameworks */ = {isa = PBXBuildFile; productRef = 3A9BACC12A62586B0064CF34 /* FirebaseStorage */; };
		3A9BACC52A629BD10064CF34 /* PhoneNumberVC.swift in Sources */ = {isa = PBXBuildFile; fileRef = 3A9BACC42A629BD10064CF34 /* PhoneNumberVC.swift */; };
		3A9BACC72A629BDB0064CF34 /* SMSCodeVC.swift in Sources */ = {isa = PBXBuildFile; fileRef = 3A9BACC62A629BDB0064CF34 /* SMSCodeVC.swift */; };
		3A9BACC92A62EFEA0064CF34 /* AuthManager.swift in Sources */ = {isa = PBXBuildFile; fileRef = 3A9BACC82A62EFEA0064CF34 /* AuthManager.swift */; };
		3ACDE3D62A66853000941B5E /* UserStatusCell.swift in Sources */ = {isa = PBXBuildFile; fileRef = 3ACDE3D52A66853000941B5E /* UserStatusCell.swift */; };
		3ACDE3D82A66854000941B5E /* ContactStatusCell.swift in Sources */ = {isa = PBXBuildFile; fileRef = 3ACDE3D72A66854000941B5E /* ContactStatusCell.swift */; };
		3ADFC23F2A63FDAF001C55F4 /* ChatCell.swift in Sources */ = {isa = PBXBuildFile; fileRef = 3ADFC23E2A63FDAF001C55F4 /* ChatCell.swift */; };
/* End PBXBuildFile section */

/* Begin PBXFileReference section */
		3A0E5CF82A64332A00BD1B01 /* ChatVC.swift */ = {isa = PBXFileReference; lastKnownFileType = sourcecode.swift; path = ChatVC.swift; sourceTree = "<group>"; };
		3A0E5CFB2A6437CD00BD1B01 /* Message.swift */ = {isa = PBXFileReference; lastKnownFileType = sourcecode.swift; path = Message.swift; sourceTree = "<group>"; };
		3A0E5CFD2A64380000BD1B01 /* MessageCell.swift */ = {isa = PBXFileReference; lastKnownFileType = sourcecode.swift; path = MessageCell.swift; sourceTree = "<group>"; };
		3A5E49F82A64F6DE00CCAC7E /* SettingsCell.swift */ = {isa = PBXFileReference; lastKnownFileType = sourcecode.swift; path = SettingsCell.swift; sourceTree = "<group>"; };
		3A9BAC912A6235410064CF34 /* WhatsappClone.app */ = {isa = PBXFileReference; explicitFileType = wrapper.application; includeInIndex = 0; path = WhatsappClone.app; sourceTree = BUILT_PRODUCTS_DIR; };
		3A9BAC942A6235410064CF34 /* AppDelegate.swift */ = {isa = PBXFileReference; lastKnownFileType = sourcecode.swift; path = AppDelegate.swift; sourceTree = "<group>"; };
		3A9BAC962A6235410064CF34 /* SceneDelegate.swift */ = {isa = PBXFileReference; lastKnownFileType = sourcecode.swift; path = SceneDelegate.swift; sourceTree = "<group>"; };
		3A9BAC9D2A6235420064CF34 /* Assets.xcassets */ = {isa = PBXFileReference; lastKnownFileType = folder.assetcatalog; path = Assets.xcassets; sourceTree = "<group>"; };
		3A9BACA02A6235420064CF34 /* Base */ = {isa = PBXFileReference; lastKnownFileType = file.storyboard; name = Base; path = Base.lproj/LaunchScreen.storyboard; sourceTree = "<group>"; };
		3A9BACA22A6235420064CF34 /* Info.plist */ = {isa = PBXFileReference; lastKnownFileType = text.plist.xml; path = Info.plist; sourceTree = "<group>"; };
		3A9BACAE2A6236E30064CF34 /* StatusVC.swift */ = {isa = PBXFileReference; lastKnownFileType = sourcecode.swift; path = StatusVC.swift; sourceTree = "<group>"; };
		3A9BACB02A6236EF0064CF34 /* CallsVC.swift */ = {isa = PBXFileReference; lastKnownFileType = sourcecode.swift; path = CallsVC.swift; sourceTree = "<group>"; };
		3A9BACB22A6236FB0064CF34 /* CommunitiesVC.swift */ = {isa = PBXFileReference; lastKnownFileType = sourcecode.swift; path = CommunitiesVC.swift; sourceTree = "<group>"; };
		3A9BACB42A6237040064CF34 /* ChatsVC.swift */ = {isa = PBXFileReference; lastKnownFileType = sourcecode.swift; path = ChatsVC.swift; sourceTree = "<group>"; };
		3A9BACB62A6237140064CF34 /* SettingsVC.swift */ = {isa = PBXFileReference; lastKnownFileType = sourcecode.swift; path = SettingsVC.swift; sourceTree = "<group>"; };
		3A9BACB82A6237980064CF34 /* MainTabBarController.swift */ = {isa = PBXFileReference; lastKnownFileType = sourcecode.swift; path = MainTabBarController.swift; sourceTree = "<group>"; };
		3A9BACBA2A62570B0064CF34 /* GoogleService-Info.plist */ = {isa = PBXFileReference; fileEncoding = 4; lastKnownFileType = text.plist.xml; path = "GoogleService-Info.plist"; sourceTree = "<group>"; };
		3A9BACC42A629BD10064CF34 /* PhoneNumberVC.swift */ = {isa = PBXFileReference; lastKnownFileType = sourcecode.swift; path = PhoneNumberVC.swift; sourceTree = "<group>"; };
		3A9BACC62A629BDB0064CF34 /* SMSCodeVC.swift */ = {isa = PBXFileReference; lastKnownFileType = sourcecode.swift; path = SMSCodeVC.swift; sourceTree = "<group>"; };
		3A9BACC82A62EFEA0064CF34 /* AuthManager.swift */ = {isa = PBXFileReference; lastKnownFileType = sourcecode.swift; path = AuthManager.swift; sourceTree = "<group>"; };
		3ACDE3D52A66853000941B5E /* UserStatusCell.swift */ = {isa = PBXFileReference; lastKnownFileType = sourcecode.swift; path = UserStatusCell.swift; sourceTree = "<group>"; };
		3ACDE3D72A66854000941B5E /* ContactStatusCell.swift */ = {isa = PBXFileReference; lastKnownFileType = sourcecode.swift; path = ContactStatusCell.swift; sourceTree = "<group>"; };
		3ADFC23E2A63FDAF001C55F4 /* ChatCell.swift */ = {isa = PBXFileReference; lastKnownFileType = sourcecode.swift; path = ChatCell.swift; sourceTree = "<group>"; };
/* End PBXFileReference section */

/* Begin PBXFrameworksBuildPhase section */
		3A9BAC8E2A6235410064CF34 /* Frameworks */ = {
			isa = PBXFrameworksBuildPhase;
			buildActionMask = 2147483647;
			files = (
				3A9BACC02A62586B0064CF34 /* FirebaseDatabase in Frameworks */,
				3A9BACBE2A62586B0064CF34 /* FirebaseAuth in Frameworks */,
				3A9BACC22A62586B0064CF34 /* FirebaseStorage in Frameworks */,
			);
			runOnlyForDeploymentPostprocessing = 0;
		};
/* End PBXFrameworksBuildPhase section */

/* Begin PBXGroup section */
		3A0E5CFA2A6437BF00BD1B01 /* Objects */ = {
			isa = PBXGroup;
			children = (
				3A0E5CFB2A6437CD00BD1B01 /* Message.swift */,
			);
			path = Objects;
			sourceTree = "<group>";
		};
		3A9BAC882A6235410064CF34 = {
			isa = PBXGroup;
			children = (
				3A9BAC932A6235410064CF34 /* WhatsappClone */,
				3A9BAC922A6235410064CF34 /* Products */,
			);
			sourceTree = "<group>";
		};
		3A9BAC922A6235410064CF34 /* Products */ = {
			isa = PBXGroup;
			children = (
				3A9BAC912A6235410064CF34 /* WhatsappClone.app */,
			);
			name = Products;
			sourceTree = "<group>";
		};
		3A9BAC932A6235410064CF34 /* WhatsappClone */ = {
			isa = PBXGroup;
			children = (
				3A9BACAB2A62369B0064CF34 /* Delegates */,
				3A9BACAA2A62368B0064CF34 /* Views */,
				3A9BACA92A6236800064CF34 /* ViewModels */,
				3A9BACA82A6236790064CF34 /* Managers */,
				3A0E5CFA2A6437BF00BD1B01 /* Objects */,
				3A9BACA22A6235420064CF34 /* Info.plist */,
				3A9BACBA2A62570B0064CF34 /* GoogleService-Info.plist */,
			);
			path = WhatsappClone;
			sourceTree = "<group>";
		};
		3A9BACA82A6236790064CF34 /* Managers */ = {
			isa = PBXGroup;
			children = (
				3A9BACC82A62EFEA0064CF34 /* AuthManager.swift */,
			);
			path = Managers;
			sourceTree = "<group>";
		};
		3A9BACA92A6236800064CF34 /* ViewModels */ = {
			isa = PBXGroup;
			children = (
			);
			path = ViewModels;
			sourceTree = "<group>";
		};
		3A9BACAA2A62368B0064CF34 /* Views */ = {
			isa = PBXGroup;
			children = (
				3A9BACB82A6237980064CF34 /* MainTabBarController.swift */,
				3A9BACC32A629BB50064CF34 /* Authentication */,
				3A9BACAD2A6236CB0064CF34 /* MainTabs */,
				3ADFC23C2A63FD0E001C55F4 /* Cells */,
				3A9BACAC2A6236BA0064CF34 /* Media */,
			);
			path = Views;
			sourceTree = "<group>";
		};
		3A9BACAB2A62369B0064CF34 /* Delegates */ = {
			isa = PBXGroup;
			children = (
				3A9BAC942A6235410064CF34 /* AppDelegate.swift */,
				3A9BAC962A6235410064CF34 /* SceneDelegate.swift */,
			);
			path = Delegates;
			sourceTree = "<group>";
		};
		3A9BACAC2A6236BA0064CF34 /* Media */ = {
			isa = PBXGroup;
			children = (
				3A9BAC9D2A6235420064CF34 /* Assets.xcassets */,
				3A9BAC9F2A6235420064CF34 /* LaunchScreen.storyboard */,
			);
			path = Media;
			sourceTree = "<group>";
		};
		3A9BACAD2A6236CB0064CF34 /* MainTabs */ = {
			isa = PBXGroup;
			children = (
				3A9BACAE2A6236E30064CF34 /* StatusVC.swift */,
				3A9BACB02A6236EF0064CF34 /* CallsVC.swift */,
				3A9BACB22A6236FB0064CF34 /* CommunitiesVC.swift */,
				3A9BACB42A6237040064CF34 /* ChatsVC.swift */,
				3A9BACB62A6237140064CF34 /* SettingsVC.swift */,
				3ADFC23D2A63FD1F001C55F4 /* Details */,
			);
			path = MainTabs;
			sourceTree = "<group>";
		};
		3A9BACC32A629BB50064CF34 /* Authentication */ = {
			isa = PBXGroup;
			children = (
				3A9BACC42A629BD10064CF34 /* PhoneNumberVC.swift */,
				3A9BACC62A629BDB0064CF34 /* SMSCodeVC.swift */,
			);
			path = Authentication;
			sourceTree = "<group>";
		};
		3ADFC23C2A63FD0E001C55F4 /* Cells */ = {
			isa = PBXGroup;
			children = (
				3ADFC23E2A63FDAF001C55F4 /* ChatCell.swift */,
				3A0E5CFD2A64380000BD1B01 /* MessageCell.swift */,
				3A5E49F82A64F6DE00CCAC7E /* SettingsCell.swift */,
				3ACDE3D52A66853000941B5E /* UserStatusCell.swift */,
				3ACDE3D72A66854000941B5E /* ContactStatusCell.swift */,
			);
			path = Cells;
			sourceTree = "<group>";
		};
		3ADFC23D2A63FD1F001C55F4 /* Details */ = {
			isa = PBXGroup;
			children = (
				3A0E5CF82A64332A00BD1B01 /* ChatVC.swift */,
			);
			path = Details;
			sourceTree = "<group>";
		};
/* End PBXGroup section */

/* Begin PBXNativeTarget section */
		3A9BAC902A6235410064CF34 /* WhatsappClone */ = {
			isa = PBXNativeTarget;
			buildConfigurationList = 3A9BACA52A6235420064CF34 /* Build configuration list for PBXNativeTarget "WhatsappClone" */;
			buildPhases = (
				3A9BAC8D2A6235410064CF34 /* Sources */,
				3A9BAC8E2A6235410064CF34 /* Frameworks */,
				3A9BAC8F2A6235410064CF34 /* Resources */,
			);
			buildRules = (
			);
			dependencies = (
			);
			name = WhatsappClone;
			packageProductDependencies = (
				3A9BACBD2A62586B0064CF34 /* FirebaseAuth */,
				3A9BACBF2A62586B0064CF34 /* FirebaseDatabase */,
				3A9BACC12A62586B0064CF34 /* FirebaseStorage */,
			);
			productName = WhatsappClone;
			productReference = 3A9BAC912A6235410064CF34 /* WhatsappClone.app */;
			productType = "com.apple.product-type.application";
		};
/* End PBXNativeTarget section */

/* Begin PBXProject section */
		3A9BAC892A6235410064CF34 /* Project object */ = {
			isa = PBXProject;
			attributes = {
				BuildIndependentTargetsInParallel = 1;
				LastSwiftUpdateCheck = 1430;
				LastUpgradeCheck = 1430;
				TargetAttributes = {
					3A9BAC902A6235410064CF34 = {
						CreatedOnToolsVersion = 14.3.1;
					};
				};
			};
			buildConfigurationList = 3A9BAC8C2A6235410064CF34 /* Build configuration list for PBXProject "WhatsappClone" */;
			compatibilityVersion = "Xcode 14.0";
			developmentRegion = en;
			hasScannedForEncodings = 0;
			knownRegions = (
				en,
				Base,
			);
			mainGroup = 3A9BAC882A6235410064CF34;
			packageReferences = (
				3A9BACBC2A62586B0064CF34 /* XCRemoteSwiftPackageReference "firebase-ios-sdk" */,
			);
			productRefGroup = 3A9BAC922A6235410064CF34 /* Products */;
			projectDirPath = "";
			projectRoot = "";
			targets = (
				3A9BAC902A6235410064CF34 /* WhatsappClone */,
			);
		};
/* End PBXProject section */

/* Begin PBXResourcesBuildPhase section */
		3A9BAC8F2A6235410064CF34 /* Resources */ = {
			isa = PBXResourcesBuildPhase;
			buildActionMask = 2147483647;
			files = (
				3A9BACA12A6235420064CF34 /* LaunchScreen.storyboard in Resources */,
				3A9BAC9E2A6235420064CF34 /* Assets.xcassets in Resources */,
				3A9BACBB2A62570B0064CF34 /* GoogleService-Info.plist in Resources */,
			);
			runOnlyForDeploymentPostprocessing = 0;
		};
/* End PBXResourcesBuildPhase section */

/* Begin PBXSourcesBuildPhase section */
		3A9BAC8D2A6235410064CF34 /* Sources */ = {
			isa = PBXSourcesBuildPhase;
			buildActionMask = 2147483647;
			files = (
				3A9BACB52A6237040064CF34 /* ChatsVC.swift in Sources */,
				3A9BACC72A629BDB0064CF34 /* SMSCodeVC.swift in Sources */,
				3A9BACC52A629BD10064CF34 /* PhoneNumberVC.swift in Sources */,
				3ACDE3D62A66853000941B5E /* UserStatusCell.swift in Sources */,
				3A9BACB12A6236EF0064CF34 /* CallsVC.swift in Sources */,
				3A9BACB92A6237980064CF34 /* MainTabBarController.swift in Sources */,
				3ACDE3D82A66854000941B5E /* ContactStatusCell.swift in Sources */,
				3ADFC23F2A63FDAF001C55F4 /* ChatCell.swift in Sources */,
				3A9BACB32A6236FB0064CF34 /* CommunitiesVC.swift in Sources */,
				3A9BAC952A6235410064CF34 /* AppDelegate.swift in Sources */,
				3A9BACAF2A6236E30064CF34 /* StatusVC.swift in Sources */,
				3A9BACC92A62EFEA0064CF34 /* AuthManager.swift in Sources */,
				3A9BAC972A6235410064CF34 /* SceneDelegate.swift in Sources */,
				3A0E5CFE2A64380000BD1B01 /* MessageCell.swift in Sources */,
				3A0E5CF92A64332A00BD1B01 /* ChatVC.swift in Sources */,
				3A9BACB72A6237140064CF34 /* SettingsVC.swift in Sources */,
				3A5E49F92A64F6DE00CCAC7E /* SettingsCell.swift in Sources */,
				3A0E5CFC2A6437CD00BD1B01 /* Message.swift in Sources */,
			);
			runOnlyForDeploymentPostprocessing = 0;
		};
/* End PBXSourcesBuildPhase section */

/* Begin PBXVariantGroup section */
		3A9BAC9F2A6235420064CF34 /* LaunchScreen.storyboard */ = {
			isa = PBXVariantGroup;
			children = (
				3A9BACA02A6235420064CF34 /* Base */,
			);
			name = LaunchScreen.storyboard;
			sourceTree = "<group>";
		};
/* End PBXVariantGroup section */

/* Begin XCBuildConfiguration section */
		3A9BACA32A6235420064CF34 /* Debug */ = {
			isa = XCBuildConfiguration;
			buildSettings = {
				ALWAYS_SEARCH_USER_PATHS = NO;
				CLANG_ANALYZER_NONNULL = YES;
				CLANG_ANALYZER_NUMBER_OBJECT_CONVERSION = YES_AGGRESSIVE;
				CLANG_CXX_LANGUAGE_STANDARD = "gnu++20";
				CLANG_ENABLE_MODULES = YES;
				CLANG_ENABLE_OBJC_ARC = YES;
				CLANG_ENABLE_OBJC_WEAK = YES;
				CLANG_WARN_BLOCK_CAPTURE_AUTORELEASING = YES;
				CLANG_WARN_BOOL_CONVERSION = YES;
				CLANG_WARN_COMMA = YES;
				CLANG_WARN_CONSTANT_CONVERSION = YES;
				CLANG_WARN_DEPRECATED_OBJC_IMPLEMENTATIONS = YES;
				CLANG_WARN_DIRECT_OBJC_ISA_USAGE = YES_ERROR;
				CLANG_WARN_DOCUMENTATION_COMMENTS = YES;
				CLANG_WARN_EMPTY_BODY = YES;
				CLANG_WARN_ENUM_CONVERSION = YES;
				CLANG_WARN_INFINITE_RECURSION = YES;
				CLANG_WARN_INT_CONVERSION = YES;
				CLANG_WARN_NON_LITERAL_NULL_CONVERSION = YES;
				CLANG_WARN_OBJC_IMPLICIT_RETAIN_SELF = YES;
				CLANG_WARN_OBJC_LITERAL_CONVERSION = YES;
				CLANG_WARN_OBJC_ROOT_CLASS = YES_ERROR;
				CLANG_WARN_QUOTED_INCLUDE_IN_FRAMEWORK_HEADER = YES;
				CLANG_WARN_RANGE_LOOP_ANALYSIS = YES;
				CLANG_WARN_STRICT_PROTOTYPES = YES;
				CLANG_WARN_SUSPICIOUS_MOVE = YES;
				CLANG_WARN_UNGUARDED_AVAILABILITY = YES_AGGRESSIVE;
				CLANG_WARN_UNREACHABLE_CODE = YES;
				CLANG_WARN__DUPLICATE_METHOD_MATCH = YES;
				COPY_PHASE_STRIP = NO;
				DEBUG_INFORMATION_FORMAT = dwarf;
				ENABLE_STRICT_OBJC_MSGSEND = YES;
				ENABLE_TESTABILITY = YES;
				GCC_C_LANGUAGE_STANDARD = gnu11;
				GCC_DYNAMIC_NO_PIC = NO;
				GCC_NO_COMMON_BLOCKS = YES;
				GCC_OPTIMIZATION_LEVEL = 0;
				GCC_PREPROCESSOR_DEFINITIONS = (
					"DEBUG=1",
					"$(inherited)",
				);
				GCC_WARN_64_TO_32_BIT_CONVERSION = YES;
				GCC_WARN_ABOUT_RETURN_TYPE = YES_ERROR;
				GCC_WARN_UNDECLARED_SELECTOR = YES;
				GCC_WARN_UNINITIALIZED_AUTOS = YES_AGGRESSIVE;
				GCC_WARN_UNUSED_FUNCTION = YES;
				GCC_WARN_UNUSED_VARIABLE = YES;
				IPHONEOS_DEPLOYMENT_TARGET = 16.4;
				MTL_ENABLE_DEBUG_INFO = INCLUDE_SOURCE;
				MTL_FAST_MATH = YES;
				ONLY_ACTIVE_ARCH = YES;
				SDKROOT = iphoneos;
				SWIFT_ACTIVE_COMPILATION_CONDITIONS = DEBUG;
				SWIFT_OPTIMIZATION_LEVEL = "-Onone";
			};
			name = Debug;
		};
		3A9BACA42A6235420064CF34 /* Release */ = {
			isa = XCBuildConfiguration;
			buildSettings = {
				ALWAYS_SEARCH_USER_PATHS = NO;
				CLANG_ANALYZER_NONNULL = YES;
				CLANG_ANALYZER_NUMBER_OBJECT_CONVERSION = YES_AGGRESSIVE;
				CLANG_CXX_LANGUAGE_STANDARD = "gnu++20";
				CLANG_ENABLE_MODULES = YES;
				CLANG_ENABLE_OBJC_ARC = YES;
				CLANG_ENABLE_OBJC_WEAK = YES;
				CLANG_WARN_BLOCK_CAPTURE_AUTORELEASING = YES;
				CLANG_WARN_BOOL_CONVERSION = YES;
				CLANG_WARN_COMMA = YES;
				CLANG_WARN_CONSTANT_CONVERSION = YES;
				CLANG_WARN_DEPRECATED_OBJC_IMPLEMENTATIONS = YES;
				CLANG_WARN_DIRECT_OBJC_ISA_USAGE = YES_ERROR;
				CLANG_WARN_DOCUMENTATION_COMMENTS = YES;
				CLANG_WARN_EMPTY_BODY = YES;
				CLANG_WARN_ENUM_CONVERSION = YES;
				CLANG_WARN_INFINITE_RECURSION = YES;
				CLANG_WARN_INT_CONVERSION = YES;
				CLANG_WARN_NON_LITERAL_NULL_CONVERSION = YES;
				CLANG_WARN_OBJC_IMPLICIT_RETAIN_SELF = YES;
				CLANG_WARN_OBJC_LITERAL_CONVERSION = YES;
				CLANG_WARN_OBJC_ROOT_CLASS = YES_ERROR;
				CLANG_WARN_QUOTED_INCLUDE_IN_FRAMEWORK_HEADER = YES;
				CLANG_WARN_RANGE_LOOP_ANALYSIS = YES;
				CLANG_WARN_STRICT_PROTOTYPES = YES;
				CLANG_WARN_SUSPICIOUS_MOVE = YES;
				CLANG_WARN_UNGUARDED_AVAILABILITY = YES_AGGRESSIVE;
				CLANG_WARN_UNREACHABLE_CODE = YES;
				CLANG_WARN__DUPLICATE_METHOD_MATCH = YES;
				COPY_PHASE_STRIP = NO;
				DEBUG_INFORMATION_FORMAT = "dwarf-with-dsym";
				ENABLE_NS_ASSERTIONS = NO;
				ENABLE_STRICT_OBJC_MSGSEND = YES;
				GCC_C_LANGUAGE_STANDARD = gnu11;
				GCC_NO_COMMON_BLOCKS = YES;
				GCC_WARN_64_TO_32_BIT_CONVERSION = YES;
				GCC_WARN_ABOUT_RETURN_TYPE = YES_ERROR;
				GCC_WARN_UNDECLARED_SELECTOR = YES;
				GCC_WARN_UNINITIALIZED_AUTOS = YES_AGGRESSIVE;
				GCC_WARN_UNUSED_FUNCTION = YES;
				GCC_WARN_UNUSED_VARIABLE = YES;
				IPHONEOS_DEPLOYMENT_TARGET = 16.4;
				MTL_ENABLE_DEBUG_INFO = NO;
				MTL_FAST_MATH = YES;
				SDKROOT = iphoneos;
				SWIFT_COMPILATION_MODE = wholemodule;
				SWIFT_OPTIMIZATION_LEVEL = "-O";
				VALIDATE_PRODUCT = YES;
			};
			name = Release;
		};
		3A9BACA62A6235420064CF34 /* Debug */ = {
			isa = XCBuildConfiguration;
			buildSettings = {
				ASSETCATALOG_COMPILER_APPICON_NAME = AppIcon;
				ASSETCATALOG_COMPILER_GLOBAL_ACCENT_COLOR_NAME = AccentColor;
				CODE_SIGN_STYLE = Automatic;
				CURRENT_PROJECT_VERSION = 1;
				DEVELOPMENT_TEAM = 3XJ9SSKA74;
				GENERATE_INFOPLIST_FILE = YES;
				INFOPLIST_FILE = WhatsappClone/Info.plist;
				INFOPLIST_KEY_UIApplicationSupportsIndirectInputEvents = YES;
				INFOPLIST_KEY_UILaunchStoryboardName = LaunchScreen;
				INFOPLIST_KEY_UISupportedInterfaceOrientations_iPad = "UIInterfaceOrientationPortrait UIInterfaceOrientationPortraitUpsideDown UIInterfaceOrientationLandscapeLeft UIInterfaceOrientationLandscapeRight";
				INFOPLIST_KEY_UISupportedInterfaceOrientations_iPhone = "UIInterfaceOrientationPortrait UIInterfaceOrientationLandscapeLeft UIInterfaceOrientationLandscapeRight";
				LD_RUNPATH_SEARCH_PATHS = (
					"$(inherited)",
					"@executable_path/Frameworks",
				);
				MARKETING_VERSION = 1.0;
				PRODUCT_BUNDLE_IDENTIFIER = BasheerAbdulmalik.WhatsappClone;
				PRODUCT_NAME = "$(TARGET_NAME)";
				SWIFT_EMIT_LOC_STRINGS = YES;
				SWIFT_VERSION = 5.0;
				TARGETED_DEVICE_FAMILY = "1,2";
			};
			name = Debug;
		};
		3A9BACA72A6235420064CF34 /* Release */ = {
			isa = XCBuildConfiguration;
			buildSettings = {
				ASSETCATALOG_COMPILER_APPICON_NAME = AppIcon;
				ASSETCATALOG_COMPILER_GLOBAL_ACCENT_COLOR_NAME = AccentColor;
				CODE_SIGN_STYLE = Automatic;
				CURRENT_PROJECT_VERSION = 1;
				DEVELOPMENT_TEAM = 3XJ9SSKA74;
				GENERATE_INFOPLIST_FILE = YES;
				INFOPLIST_FILE = WhatsappClone/Info.plist;
				INFOPLIST_KEY_UIApplicationSupportsIndirectInputEvents = YES;
				INFOPLIST_KEY_UILaunchStoryboardName = LaunchScreen;
				INFOPLIST_KEY_UISupportedInterfaceOrientations_iPad = "UIInterfaceOrientationPortrait UIInterfaceOrientationPortraitUpsideDown UIInterfaceOrientationLandscapeLeft UIInterfaceOrientationLandscapeRight";
				INFOPLIST_KEY_UISupportedInterfaceOrientations_iPhone = "UIInterfaceOrientationPortrait UIInterfaceOrientationLandscapeLeft UIInterfaceOrientationLandscapeRight";
				LD_RUNPATH_SEARCH_PATHS = (
					"$(inherited)",
					"@executable_path/Frameworks",
				);
				MARKETING_VERSION = 1.0;
				PRODUCT_BUNDLE_IDENTIFIER = BasheerAbdulmalik.WhatsappClone;
				PRODUCT_NAME = "$(TARGET_NAME)";
				SWIFT_EMIT_LOC_STRINGS = YES;
				SWIFT_VERSION = 5.0;
				TARGETED_DEVICE_FAMILY = "1,2";
			};
			name = Release;
		};
/* End XCBuildConfiguration section */

/* Begin XCConfigurationList section */
		3A9BAC8C2A6235410064CF34 /* Build configuration list for PBXProject "WhatsappClone" */ = {
			isa = XCConfigurationList;
			buildConfigurations = (
				3A9BACA32A6235420064CF34 /* Debug */,
				3A9BACA42A6235420064CF34 /* Release */,
			);
			defaultConfigurationIsVisible = 0;
			defaultConfigurationName = Release;
		};
		3A9BACA52A6235420064CF34 /* Build configuration list for PBXNativeTarget "WhatsappClone" */ = {
			isa = XCConfigurationList;
			buildConfigurations = (
				3A9BACA62A6235420064CF34 /* Debug */,
				3A9BACA72A6235420064CF34 /* Release */,
			);
			defaultConfigurationIsVisible = 0;
			defaultConfigurationName = Release;
		};
/* End XCConfigurationList section */

/* Begin XCRemoteSwiftPackageReference section */
		3A9BACBC2A62586B0064CF34 /* XCRemoteSwiftPackageReference "firebase-ios-sdk" */ = {
			isa = XCRemoteSwiftPackageReference;
			repositoryURL = "https://github.com/firebase/firebase-ios-sdk";
			requirement = {
				kind = upToNextMajorVersion;
				minimumVersion = 10.0.0;
			};
		};
/* End XCRemoteSwiftPackageReference section */

/* Begin XCSwiftPackageProductDependency section */
		3A9BACBD2A62586B0064CF34 /* FirebaseAuth */ = {
			isa = XCSwiftPackageProductDependency;
			package = 3A9BACBC2A62586B0064CF34 /* XCRemoteSwiftPackageReference "firebase-ios-sdk" */;
			productName = FirebaseAuth;
		};
		3A9BACBF2A62586B0064CF34 /* FirebaseDatabase */ = {
			isa = XCSwiftPackageProductDependency;
			package = 3A9BACBC2A62586B0064CF34 /* XCRemoteSwiftPackageReference "firebase-ios-sdk" */;
			productName = FirebaseDatabase;
		};
		3A9BACC12A62586B0064CF34 /* FirebaseStorage */ = {
			isa = XCSwiftPackageProductDependency;
			package = 3A9BACBC2A62586B0064CF34 /* XCRemoteSwiftPackageReference "firebase-ios-sdk" */;
			productName = FirebaseStorage;
		};
/* End XCSwiftPackageProductDependency section */
	};
	rootObject = 3A9BAC892A6235410064CF34 /* Project object */;
}
